
Microsoft Visual Studio Solution File, Format Version 12.00
# Visual Studio Version 16
VisualStudioVersion = 16.0.29806.167
MinimumVisualStudioVersion = 10.0.40219.1
Project("{F184B08F-C81C-45F6-A57F-5ABD9991F28F}") = "MAP", "MAP\MAP.vbproj", "{FC39EBD8-9335-4332-827E-DA672ACC628E}"
EndProject
Project("{F184B08F-C81C-45F6-A57F-5ABD9991F28F}") = "MAPSetup", "MAPSetup\MAPSetup.vbproj", "{F9F2B7DE-6B0C-4554-861A-CCC075EFACA7}"
EndProject
Project("{F184B08F-C81C-45F6-A57F-5ABD9991F28F}") = "MAPAnimationEditor", "MAPAnimationEditor\MAPAnimationEditor.vbproj", "{F7D1DD99-74C8-488B-B0BB-B92D16C8E3A5}"
EndProject
Project("{F184B08F-C81C-45F6-A57F-5ABD9991F28F}") = "MAPUninstaller", "MAPUninstaller\MAPUninstaller.vbproj", "{B288E0BD-8068-452D-B875-E6C0D1432499}"
EndProject
Project("{F184B08F-C81C-45F6-A57F-5ABD9991F28F}") = "MAPPreUninstaller", "MAPPreUninstaller\MAPPreUninstaller.vbproj", "{FD2CAE41-50DA-4710-8B85-68693EFD813E}"
EndProject
Project("{F184B08F-C81C-45F6-A57F-5ABD9991F28F}") = "Test", "Test\Test.vbproj", "{79D63D52-E853-419E-8997-27181A9F5D12}"
EndProject
Project("{F184B08F-C81C-45F6-A57F-5ABD9991F28F}") = "Setup AutoBuilder", "Setup AutoBuilder\Setup AutoBuilder.vbproj", "{9C86CA67-61AD-4D77-8BB0-D368FE2432ED}"
EndProject
Project("{F184B08F-C81C-45F6-A57F-5ABD9991F28F}") = "MAP Dev versions gestion", "MAP Dev versions gestion\MAP Dev versions gestion.vbproj", "{EC4F86A8-B031-4A22-9E39-FCBB24B051F1}"
EndProject
Global
	GlobalSection(SolutionConfigurationPlatforms) = preSolution
		Debug|Any CPU = Debug|Any CPU
		Debug|x64 = Debug|x64
		Debug|x86 = Debug|x86
		Release|Any CPU = Release|Any CPU
		Release|x64 = Release|x64
		Release|x86 = Release|x86
	EndGlobalSection
	GlobalSection(ProjectConfigurationPlatforms) = postSolution
		{FC39EBD8-9335-4332-827E-DA672ACC628E}.Debug|Any CPU.ActiveCfg = Debug|Any CPU
		{FC39EBD8-9335-4332-827E-DA672ACC628E}.Debug|Any CPU.Build.0 = Debug|Any CPU
		{FC39EBD8-9335-4332-827E-DA672ACC628E}.Debug|x64.ActiveCfg = Debug|Any CPU
		{FC39EBD8-9335-4332-827E-DA672ACC628E}.Debug|x64.Build.0 = Debug|Any CPU
		{FC39EBD8-9335-4332-827E-DA672ACC628E}.Debug|x86.ActiveCfg = Debug|Any CPU
		{FC39EBD8-9335-4332-827E-DA672ACC628E}.Debug|x86.Build.0 = Debug|Any CPU
		{FC39EBD8-9335-4332-827E-DA672ACC628E}.Release|Any CPU.ActiveCfg = Release|Any CPU
		{FC39EBD8-9335-4332-827E-DA672ACC628E}.Release|Any CPU.Build.0 = Release|Any CPU
		{FC39EBD8-9335-4332-827E-DA672ACC628E}.Release|x64.ActiveCfg = Release|Any CPU
		{FC39EBD8-9335-4332-827E-DA672ACC628E}.Release|x64.Build.0 = Release|Any CPU
		{FC39EBD8-9335-4332-827E-DA672ACC628E}.Release|x86.ActiveCfg = Release|Any CPU
		{FC39EBD8-9335-4332-827E-DA672ACC628E}.Release|x86.Build.0 = Release|Any CPU
		{F9F2B7DE-6B0C-4554-861A-CCC075EFACA7}.Debug|Any CPU.ActiveCfg = Debug|Any CPU
		{F9F2B7DE-6B0C-4554-861A-CCC075EFACA7}.Debug|Any CPU.Build.0 = Debug|Any CPU
		{F9F2B7DE-6B0C-4554-861A-CCC075EFACA7}.Debug|x64.ActiveCfg = Debug|Any CPU
		{F9F2B7DE-6B0C-4554-861A-CCC075EFACA7}.Debug|x64.Build.0 = Debug|Any CPU
		{F9F2B7DE-6B0C-4554-861A-CCC075EFACA7}.Debug|x86.ActiveCfg = Debug|Any CPU
		{F9F2B7DE-6B0C-4554-861A-CCC075EFACA7}.Debug|x86.Build.0 = Debug|Any CPU
		{F9F2B7DE-6B0C-4554-861A-CCC075EFACA7}.Release|Any CPU.ActiveCfg = Release|Any CPU
		{F9F2B7DE-6B0C-4554-861A-CCC075EFACA7}.Release|Any CPU.Build.0 = Release|Any CPU
		{F9F2B7DE-6B0C-4554-861A-CCC075EFACA7}.Release|x64.ActiveCfg = Release|Any CPU
		{F9F2B7DE-6B0C-4554-861A-CCC075EFACA7}.Release|x64.Build.0 = Release|Any CPU
		{F9F2B7DE-6B0C-4554-861A-CCC075EFACA7}.Release|x86.ActiveCfg = Release|Any CPU
		{F9F2B7DE-6B0C-4554-861A-CCC075EFACA7}.Release|x86.Build.0 = Release|Any CPU
		{F7D1DD99-74C8-488B-B0BB-B92D16C8E3A5}.Debug|Any CPU.ActiveCfg = Debug|Any CPU
		{F7D1DD99-74C8-488B-B0BB-B92D16C8E3A5}.Debug|Any CPU.Build.0 = Debug|Any CPU
		{F7D1DD99-74C8-488B-B0BB-B92D16C8E3A5}.Debug|x64.ActiveCfg = Debug|Any CPU
		{F7D1DD99-74C8-488B-B0BB-B92D16C8E3A5}.Debug|x64.Build.0 = Debug|Any CPU
		{F7D1DD99-74C8-488B-B0BB-B92D16C8E3A5}.Debug|x86.ActiveCfg = Debug|Any CPU
		{F7D1DD99-74C8-488B-B0BB-B92D16C8E3A5}.Debug|x86.Build.0 = Debug|Any CPU
		{F7D1DD99-74C8-488B-B0BB-B92D16C8E3A5}.Release|Any CPU.ActiveCfg = Release|Any CPU
		{F7D1DD99-74C8-488B-B0BB-B92D16C8E3A5}.Release|Any CPU.Build.0 = Release|Any CPU
		{F7D1DD99-74C8-488B-B0BB-B92D16C8E3A5}.Release|x64.ActiveCfg = Release|Any CPU
		{F7D1DD99-74C8-488B-B0BB-B92D16C8E3A5}.Release|x64.Build.0 = Release|Any CPU
		{F7D1DD99-74C8-488B-B0BB-B92D16C8E3A5}.Release|x86.ActiveCfg = Release|Any CPU
		{F7D1DD99-74C8-488B-B0BB-B92D16C8E3A5}.Release|x86.Build.0 = Release|Any CPU
		{B288E0BD-8068-452D-B875-E6C0D1432499}.Debug|Any CPU.ActiveCfg = Debug|Any CPU
		{B288E0BD-8068-452D-B875-E6C0D1432499}.Debug|Any CPU.Build.0 = Debug|Any CPU
		{B288E0BD-8068-452D-B875-E6C0D1432499}.Debug|x64.ActiveCfg = Debug|Any CPU
		{B288E0BD-8068-452D-B875-E6C0D1432499}.Debug|x64.Build.0 = Debug|Any CPU
		{B288E0BD-8068-452D-B875-E6C0D1432499}.Debug|x86.ActiveCfg = Debug|Any CPU
		{B288E0BD-8068-452D-B875-E6C0D1432499}.Debug|x86.Build.0 = Debug|Any CPU
		{B288E0BD-8068-452D-B875-E6C0D1432499}.Release|Any CPU.ActiveCfg = Release|Any CPU
		{B288E0BD-8068-452D-B875-E6C0D1432499}.Release|Any CPU.Build.0 = Release|Any CPU
		{B288E0BD-8068-452D-B875-E6C0D1432499}.Release|x64.ActiveCfg = Release|Any CPU
		{B288E0BD-8068-452D-B875-E6C0D1432499}.Release|x64.Build.0 = Release|Any CPU
		{B288E0BD-8068-452D-B875-E6C0D1432499}.Release|x86.ActiveCfg = Release|Any CPU
		{B288E0BD-8068-452D-B875-E6C0D1432499}.Release|x86.Build.0 = Release|Any CPU
		{FD2CAE41-50DA-4710-8B85-68693EFD813E}.Debug|Any CPU.ActiveCfg = Debug|Any CPU
		{FD2CAE41-50DA-4710-8B85-68693EFD813E}.Debug|Any CPU.Build.0 = Debug|Any CPU
		{FD2CAE41-50DA-4710-8B85-68693EFD813E}.Debug|x64.ActiveCfg = Debug|Any CPU
		{FD2CAE41-50DA-4710-8B85-68693EFD813E}.Debug|x64.Build.0 = Debug|Any CPU
		{FD2CAE41-50DA-4710-8B85-68693EFD813E}.Debug|x86.ActiveCfg = Debug|Any CPU
		{FD2CAE41-50DA-4710-8B85-68693EFD813E}.Debug|x86.Build.0 = Debug|Any CPU
		{FD2CAE41-50DA-4710-8B85-68693EFD813E}.Release|Any CPU.ActiveCfg = Release|Any CPU
		{FD2CAE41-50DA-4710-8B85-68693EFD813E}.Release|Any CPU.Build.0 = Release|Any CPU
		{FD2CAE41-50DA-4710-8B85-68693EFD813E}.Release|x64.ActiveCfg = Release|Any CPU
		{FD2CAE41-50DA-4710-8B85-68693EFD813E}.Release|x64.Build.0 = Release|Any CPU
		{FD2CAE41-50DA-4710-8B85-68693EFD813E}.Release|x86.ActiveCfg = Release|Any CPU
		{FD2CAE41-50DA-4710-8B85-68693EFD813E}.Release|x86.Build.0 = Release|Any CPU
		{79D63D52-E853-419E-8997-27181A9F5D12}.Debug|Any CPU.ActiveCfg = Debug|Any CPU
		{79D63D52-E853-419E-8997-27181A9F5D12}.Debug|Any CPU.Build.0 = Debug|Any CPU
		{79D63D52-E853-419E-8997-27181A9F5D12}.Debug|x64.ActiveCfg = Debug|Any CPU
		{79D63D52-E853-419E-8997-27181A9F5D12}.Debug|x64.Build.0 = Debug|Any CPU
		{79D63D52-E853-419E-8997-27181A9F5D12}.Debug|x86.ActiveCfg = Debug|Any CPU
		{79D63D52-E853-419E-8997-27181A9F5D12}.Debug|x86.Build.0 = Debug|Any CPU
		{79D63D52-E853-419E-8997-27181A9F5D12}.Release|Any CPU.ActiveCfg = Release|Any CPU
		{79D63D52-E853-419E-8997-27181A9F5D12}.Release|Any CPU.Build.0 = Release|Any CPU
		{79D63D52-E853-419E-8997-27181A9F5D12}.Release|x64.ActiveCfg = Release|Any CPU
		{79D63D52-E853-419E-8997-27181A9F5D12}.Release|x64.Build.0 = Release|Any CPU
		{79D63D52-E853-419E-8997-27181A9F5D12}.Release|x86.ActiveCfg = Release|Any CPU
		{79D63D52-E853-419E-8997-27181A9F5D12}.Release|x86.Build.0 = Release|Any CPU
		{9C86CA67-61AD-4D77-8BB0-D368FE2432ED}.Debug|Any CPU.ActiveCfg = Debug|Any CPU
		{9C86CA67-61AD-4D77-8BB0-D368FE2432ED}.Debug|Any CPU.Build.0 = Debug|Any CPU
		{9C86CA67-61AD-4D77-8BB0-D368FE2432ED}.Debug|x64.ActiveCfg = Debug|Any CPU
		{9C86CA67-61AD-4D77-8BB0-D368FE2432ED}.Debug|x64.Build.0 = Debug|Any CPU
		{9C86CA67-61AD-4D77-8BB0-D368FE2432ED}.Debug|x86.ActiveCfg = Debug|Any CPU
		{9C86CA67-61AD-4D77-8BB0-D368FE2432ED}.Debug|x86.Build.0 = Debug|Any CPU
		{9C86CA67-61AD-4D77-8BB0-D368FE2432ED}.Release|Any CPU.ActiveCfg = Release|Any CPU
		{9C86CA67-61AD-4D77-8BB0-D368FE2432ED}.Release|Any CPU.Build.0 = Release|Any CPU
		{9C86CA67-61AD-4D77-8BB0-D368FE2432ED}.Release|x64.ActiveCfg = Release|Any CPU
		{9C86CA67-61AD-4D77-8BB0-D368FE2432ED}.Release|x64.Build.0 = Release|Any CPU
		{9C86CA67-61AD-4D77-8BB0-D368FE2432ED}.Release|x86.ActiveCfg = Release|Any CPU
		{9C86CA67-61AD-4D77-8BB0-D368FE2432ED}.Release|x86.Build.0 = Release|Any CPU
		{EC4F86A8-B031-4A22-9E39-FCBB24B051F1}.Debug|Any CPU.ActiveCfg = Debug|Any CPU
		{EC4F86A8-B031-4A22-9E39-FCBB24B051F1}.Debug|Any CPU.Build.0 = Debug|Any CPU
		{EC4F86A8-B031-4A22-9E39-FCBB24B051F1}.Debug|x64.ActiveCfg = Debug|Any CPU
		{EC4F86A8-B031-4A22-9E39-FCBB24B051F1}.Debug|x64.Build.0 = Debug|Any CPU
		{EC4F86A8-B031-4A22-9E39-FCBB24B051F1}.Debug|x86.ActiveCfg = Debug|Any CPU
		{EC4F86A8-B031-4A22-9E39-FCBB24B051F1}.Debug|x86.Build.0 = Debug|Any CPU
		{EC4F86A8-B031-4A22-9E39-FCBB24B051F1}.Release|Any CPU.ActiveCfg = Release|Any CPU
		{EC4F86A8-B031-4A22-9E39-FCBB24B051F1}.Release|Any CPU.Build.0 = Release|Any CPU
		{EC4F86A8-B031-4A22-9E39-FCBB24B051F1}.Release|x64.ActiveCfg = Release|Any CPU
		{EC4F86A8-B031-4A22-9E39-FCBB24B051F1}.Release|x64.Build.0 = Release|Any CPU
		{EC4F86A8-B031-4A22-9E39-FCBB24B051F1}.Release|x86.ActiveCfg = Release|Any CPU
		{EC4F86A8-B031-4A22-9E39-FCBB24B051F1}.Release|x86.Build.0 = Release|Any CPU
	EndGlobalSection
	GlobalSection(SolutionProperties) = preSolution
		HideSolutionNode = FALSE
	EndGlobalSection
	GlobalSection(ExtensibilityGlobals) = postSolution
		SolutionGuid = {28801B50-B22E-4DC2-AFE3-AFD801097289}
	EndGlobalSection
EndGlobal
